
Microsoft Visual Studio Solution File, Format Version 12.00
# Visual Studio Version 17
VisualStudioVersion = 17.5.002.0
MinimumVisualStudioVersion = 10.0.40219.1
Project("{9A19103F-16F7-4668-BE54-9A1E7A4F7556}") = "HelloDotNet", "HelloDotNet\HelloDotNet.csproj", "{5A121C49-3AF6-4854-BC27-D53CD39E5BD6}"
EndProject
Project("{2150E333-8FDC-42A3-9474-1A3956D46DE8}") = "Code Alongs", "Code Alongs", "{CE9E3979-AD2D-4285-B4D5-6DC566EDE2A6}"
EndProject
Project("{9A19103F-16F7-4668-BE54-9A1E7A4F7556}") = "FirstMVC", "Code Alongs\FirstMVC\FirstMVC.csproj", "{A79134B7-4B21-4550-B6A8-380815C888D9}"
EndProject
Project("{9A19103F-16F7-4668-BE54-9A1E7A4F7556}") = "FirstWeb", "Code Alongs\FirstWeb\FirstWeb.csproj", "{18687F3C-C923-4B8C-B904-96D2476AA64F}"
EndProject
Project("{9A19103F-16F7-4668-BE54-9A1E7A4F7556}") = "OOPIntro", "Code Alongs\OOPIntro\OOPIntro.csproj", "{83848434-7EDD-4AC2-AF54-65583F9DC9CA}"
EndProject
Project("{9A19103F-16F7-4668-BE54-9A1E7A4F7556}") = "SessionDemo", "Code Alongs\SessionDemo\SessionDemo.csproj", "{297DB329-CF28-4441-BAA9-B753E2F74AC5}"
EndProject
Project("{2150E333-8FDC-42A3-9474-1A3956D46DE8}") = "Language Fundamentals", "Language Fundamentals", "{E966082A-130E-4A50-9D5D-05D1C817F2A9}"
EndProject
Project("{9A19103F-16F7-4668-BE54-9A1E7A4F7556}") = "DebuggingPractice", "Language Fundamentals\DebuggingPractice\DebuggingPractice.csproj", "{E8603B2E-B443-4E96-A6FA-82897EAB0F51}"
EndProject
Project("{9A19103F-16F7-4668-BE54-9A1E7A4F7556}") = "FundamentalsOne", "Language Fundamentals\FundamentalsOne\FundamentalsOne.csproj", "{70E1B31B-1826-41DB-BAC2-F757114636A4}"
EndProject
Project("{9A19103F-16F7-4668-BE54-9A1E7A4F7556}") = "FundamentalsThree", "Language Fundamentals\FundamentalsThree\FundamentalsThree.csproj", "{A88F82EA-F04F-438B-BF51-35961C1F6F05}"
EndProject
Project("{9A19103F-16F7-4668-BE54-9A1E7A4F7556}") = "FundamentalsTwo", "Language Fundamentals\FundamentalsTwo\FundamentalsTwo.csproj", "{9838BAF8-C379-46C7-9F84-858AB602BC94}"
EndProject
Project("{9A19103F-16F7-4668-BE54-9A1E7A4F7556}") = "GameDeveloperOne", "Language Fundamentals\GameDeveloperOne\GameDeveloperOne.csproj", "{8FEC940B-A05B-42DB-8082-40C6948D2E42}"
EndProject
Project("{9A19103F-16F7-4668-BE54-9A1E7A4F7556}") = "GameDeveloperTwo", "Language Fundamentals\GameDeveloperTwo\GameDeveloperTwo.csproj", "{2506A08D-4A83-42EB-89FB-8FBAACFCAABF}"
EndProject
Project("{9A19103F-16F7-4668-BE54-9A1E7A4F7556}") = "Puzzles", "Language Fundamentals\Puzzles\Puzzles.csproj", "{93781D9E-2DD6-46F5-AB21-B0E34128B7BD}"
EndProject
Global
	GlobalSection(SolutionConfigurationPlatforms) = preSolution
		Debug|Any CPU = Debug|Any CPU
		Release|Any CPU = Release|Any CPU
	EndGlobalSection
	GlobalSection(ProjectConfigurationPlatforms) = postSolution
		{5A121C49-3AF6-4854-BC27-D53CD39E5BD6}.Debug|Any CPU.ActiveCfg = Debug|Any CPU
		{5A121C49-3AF6-4854-BC27-D53CD39E5BD6}.Debug|Any CPU.Build.0 = Debug|Any CPU
		{5A121C49-3AF6-4854-BC27-D53CD39E5BD6}.Release|Any CPU.ActiveCfg = Release|Any CPU
		{5A121C49-3AF6-4854-BC27-D53CD39E5BD6}.Release|Any CPU.Build.0 = Release|Any CPU
		{A79134B7-4B21-4550-B6A8-380815C888D9}.Debug|Any CPU.ActiveCfg = Debug|Any CPU
		{A79134B7-4B21-4550-B6A8-380815C888D9}.Debug|Any CPU.Build.0 = Debug|Any CPU
		{A79134B7-4B21-4550-B6A8-380815C888D9}.Release|Any CPU.ActiveCfg = Release|Any CPU
		{A79134B7-4B21-4550-B6A8-380815C888D9}.Release|Any CPU.Build.0 = Release|Any CPU
		{18687F3C-C923-4B8C-B904-96D2476AA64F}.Debug|Any CPU.ActiveCfg = Debug|Any CPU
		{18687F3C-C923-4B8C-B904-96D2476AA64F}.Debug|Any CPU.Build.0 = Debug|Any CPU
		{18687F3C-C923-4B8C-B904-96D2476AA64F}.Release|Any CPU.ActiveCfg = Release|Any CPU
		{18687F3C-C923-4B8C-B904-96D2476AA64F}.Release|Any CPU.Build.0 = Release|Any CPU
		{83848434-7EDD-4AC2-AF54-65583F9DC9CA}.Debug|Any CPU.ActiveCfg = Debug|Any CPU
		{83848434-7EDD-4AC2-AF54-65583F9DC9CA}.Debug|Any CPU.Build.0 = Debug|Any CPU
		{83848434-7EDD-4AC2-AF54-65583F9DC9CA}.Release|Any CPU.ActiveCfg = Release|Any CPU
		{83848434-7EDD-4AC2-AF54-65583F9DC9CA}.Release|Any CPU.Build.0 = Release|Any CPU
		{297DB329-CF28-4441-BAA9-B753E2F74AC5}.Debug|Any CPU.ActiveCfg = Debug|Any CPU
		{297DB329-CF28-4441-BAA9-B753E2F74AC5}.Debug|Any CPU.Build.0 = Debug|Any CPU
		{297DB329-CF28-4441-BAA9-B753E2F74AC5}.Release|Any CPU.ActiveCfg = Release|Any CPU
		{297DB329-CF28-4441-BAA9-B753E2F74AC5}.Release|Any CPU.Build.0 = Release|Any CPU
		{E8603B2E-B443-4E96-A6FA-82897EAB0F51}.Debug|Any CPU.ActiveCfg = Debug|Any CPU
		{E8603B2E-B443-4E96-A6FA-82897EAB0F51}.Debug|Any CPU.Build.0 = Debug|Any CPU
		{E8603B2E-B443-4E96-A6FA-82897EAB0F51}.Release|Any CPU.ActiveCfg = Release|Any CPU
		{E8603B2E-B443-4E96-A6FA-82897EAB0F51}.Release|Any CPU.Build.0 = Release|Any CPU
		{70E1B31B-1826-41DB-BAC2-F757114636A4}.Debug|Any CPU.ActiveCfg = Debug|Any CPU
		{70E1B31B-1826-41DB-BAC2-F757114636A4}.Debug|Any CPU.Build.0 = Debug|Any CPU
		{70E1B31B-1826-41DB-BAC2-F757114636A4}.Release|Any CPU.ActiveCfg = Release|Any CPU
		{70E1B31B-1826-41DB-BAC2-F757114636A4}.Release|Any CPU.Build.0 = Release|Any CPU
		{A88F82EA-F04F-438B-BF51-35961C1F6F05}.Debug|Any CPU.ActiveCfg = Debug|Any CPU
		{A88F82EA-F04F-438B-BF51-35961C1F6F05}.Debug|Any CPU.Build.0 = Debug|Any CPU
		{A88F82EA-F04F-438B-BF51-35961C1F6F05}.Release|Any CPU.ActiveCfg = Release|Any CPU
		{A88F82EA-F04F-438B-BF51-35961C1F6F05}.Release|Any CPU.Build.0 = Release|Any CPU
		{9838BAF8-C379-46C7-9F84-858AB602BC94}.Debug|Any CPU.ActiveCfg = Debug|Any CPU
		{9838BAF8-C379-46C7-9F84-858AB602BC94}.Debug|Any CPU.Build.0 = Debug|Any CPU
		{9838BAF8-C379-46C7-9F84-858AB602BC94}.Release|Any CPU.ActiveCfg = Release|Any CPU
		{9838BAF8-C379-46C7-9F84-858AB602BC94}.Release|Any CPU.Build.0 = Release|Any CPU
		{8FEC940B-A05B-42DB-8082-40C6948D2E42}.Debug|Any CPU.ActiveCfg = Debug|Any CPU
		{8FEC940B-A05B-42DB-8082-40C6948D2E42}.Debug|Any CPU.Build.0 = Debug|Any CPU
		{8FEC940B-A05B-42DB-8082-40C6948D2E42}.Release|Any CPU.ActiveCfg = Release|Any CPU
		{8FEC940B-A05B-42DB-8082-40C6948D2E42}.Release|Any CPU.Build.0 = Release|Any CPU
		{2506A08D-4A83-42EB-89FB-8FBAACFCAABF}.Debug|Any CPU.ActiveCfg = Debug|Any CPU
		{2506A08D-4A83-42EB-89FB-8FBAACFCAABF}.Debug|Any CPU.Build.0 = Debug|Any CPU
		{2506A08D-4A83-42EB-89FB-8FBAACFCAABF}.Release|Any CPU.ActiveCfg = Release|Any CPU
		{2506A08D-4A83-42EB-89FB-8FBAACFCAABF}.Release|Any CPU.Build.0 = Release|Any CPU
		{93781D9E-2DD6-46F5-AB21-B0E34128B7BD}.Debug|Any CPU.ActiveCfg = Debug|Any CPU
		{93781D9E-2DD6-46F5-AB21-B0E34128B7BD}.Debug|Any CPU.Build.0 = Debug|Any CPU
		{93781D9E-2DD6-46F5-AB21-B0E34128B7BD}.Release|Any CPU.ActiveCfg = Release|Any CPU
		{93781D9E-2DD6-46F5-AB21-B0E34128B7BD}.Release|Any CPU.Build.0 = Release|Any CPU
	EndGlobalSection
	GlobalSection(SolutionProperties) = preSolution
		HideSolutionNode = FALSE
	EndGlobalSection
	GlobalSection(NestedProjects) = preSolution
		{A79134B7-4B21-4550-B6A8-380815C888D9} = {CE9E3979-AD2D-4285-B4D5-6DC566EDE2A6}
		{18687F3C-C923-4B8C-B904-96D2476AA64F} = {CE9E3979-AD2D-4285-B4D5-6DC566EDE2A6}
		{83848434-7EDD-4AC2-AF54-65583F9DC9CA} = {CE9E3979-AD2D-4285-B4D5-6DC566EDE2A6}
		{297DB329-CF28-4441-BAA9-B753E2F74AC5} = {CE9E3979-AD2D-4285-B4D5-6DC566EDE2A6}
		{E8603B2E-B443-4E96-A6FA-82897EAB0F51} = {E966082A-130E-4A50-9D5D-05D1C817F2A9}
		{70E1B31B-1826-41DB-BAC2-F757114636A4} = {E966082A-130E-4A50-9D5D-05D1C817F2A9}
		{A88F82EA-F04F-438B-BF51-35961C1F6F05} = {E966082A-130E-4A50-9D5D-05D1C817F2A9}
		{9838BAF8-C379-46C7-9F84-858AB602BC94} = {E966082A-130E-4A50-9D5D-05D1C817F2A9}
		{8FEC940B-A05B-42DB-8082-40C6948D2E42} = {E966082A-130E-4A50-9D5D-05D1C817F2A9}
		{2506A08D-4A83-42EB-89FB-8FBAACFCAABF} = {E966082A-130E-4A50-9D5D-05D1C817F2A9}
		{93781D9E-2DD6-46F5-AB21-B0E34128B7BD} = {E966082A-130E-4A50-9D5D-05D1C817F2A9}
	EndGlobalSection
	GlobalSection(ExtensibilityGlobals) = postSolution
		SolutionGuid = {5FB64AB3-79C0-49D9-A788-0A9B7D6AE902}
	EndGlobalSection
EndGlobal
